// !$*UTF8*$!
{
	archiveVersion = 1;
	classes = {
	};
	objectVersion = 46;
	objects = {

/* Begin PBXBuildFile section */
		5BBA83B0C190266E698A90E8 /* Pods_LMVrDemo.framework in Frameworks */ = {isa = PBXBuildFile; fileRef = 76F34EC7682A637309BD95CC /* Pods_LMVrDemo.framework */; };
		994B1F791EB9B025000399B7 /* AppIcon.xcassets in Resources */ = {isa = PBXBuildFile; fileRef = 994B1F781EB9B025000399B7 /* AppIcon.xcassets */; };
		9972F7DB1EB19C76002D46A8 /* AppDelegate.swift in Sources */ = {isa = PBXBuildFile; fileRef = 9972F7DA1EB19C76002D46A8 /* AppDelegate.swift */; };
		9972F7DD1EB19C76002D46A8 /* ViewController.swift in Sources */ = {isa = PBXBuildFile; fileRef = 9972F7DC1EB19C76002D46A8 /* ViewController.swift */; };
		9972F7E01EB19C76002D46A8 /* Main.storyboard in Resources */ = {isa = PBXBuildFile; fileRef = 9972F7DE1EB19C76002D46A8 /* Main.storyboard */; };
		9972F7E51EB19C76002D46A8 /* LaunchScreen.storyboard in Resources */ = {isa = PBXBuildFile; fileRef = 9972F7E31EB19C76002D46A8 /* LaunchScreen.storyboard */; };
		9996B9311EBC022200745C64 /* LMDrawView.swift in Sources */ = {isa = PBXBuildFile; fileRef = 9996B9301EBC022200745C64 /* LMDrawView.swift */; };
		99E7C1631EB86C1400283AC4 /* CoreGraphics.framework in Frameworks */ = {isa = PBXBuildFile; fileRef = 99E7C1621EB86C1400283AC4 /* CoreGraphics.framework */; };
		99E7C1691EB876C500283AC4 /* a.png in Resources */ = {isa = PBXBuildFile; fileRef = 99E7C1681EB876C500283AC4 /* a.png */; };
/* End PBXBuildFile section */

/* Begin PBXFileReference section */
		76F34EC7682A637309BD95CC /* Pods_LMVrDemo.framework */ = {isa = PBXFileReference; explicitFileType = wrapper.framework; includeInIndex = 0; path = Pods_LMVrDemo.framework; sourceTree = BUILT_PRODUCTS_DIR; };
		8A0648F9D8E0BB2194B66149 /* Pods-LMVrDemo.release.xcconfig */ = {isa = PBXFileReference; includeInIndex = 1; lastKnownFileType = text.xcconfig; name = "Pods-LMVrDemo.release.xcconfig"; path = "Pods/Target Support Files/Pods-LMVrDemo/Pods-LMVrDemo.release.xcconfig"; sourceTree = "<group>"; };
		994B1F781EB9B025000399B7 /* AppIcon.xcassets */ = {isa = PBXFileReference; lastKnownFileType = folder.assetcatalog; path = AppIcon.xcassets; sourceTree = "<group>"; };
		9972F7D71EB19C76002D46A8 /* LMVrDemo.app */ = {isa = PBXFileReference; explicitFileType = wrapper.application; includeInIndex = 0; path = LMVrDemo.app; sourceTree = BUILT_PRODUCTS_DIR; };
		9972F7DA1EB19C76002D46A8 /* AppDelegate.swift */ = {isa = PBXFileReference; lastKnownFileType = sourcecode.swift; path = AppDelegate.swift; sourceTree = "<group>"; };
		9972F7DC1EB19C76002D46A8 /* ViewController.swift */ = {isa = PBXFileReference; lastKnownFileType = sourcecode.swift; path = ViewController.swift; sourceTree = "<group>"; };
		9972F7DF1EB19C76002D46A8 /* Base */ = {isa = PBXFileReference; lastKnownFileType = file.storyboard; name = Base; path = Base.lproj/Main.storyboard; sourceTree = "<group>"; };
		9972F7E41EB19C76002D46A8 /* Base */ = {isa = PBXFileReference; lastKnownFileType = file.storyboard; name = Base; path = Base.lproj/LaunchScreen.storyboard; sourceTree = "<group>"; };
		9972F7E61EB19C76002D46A8 /* Info.plist */ = {isa = PBXFileReference; lastKnownFileType = text.plist.xml; path = Info.plist; sourceTree = "<group>"; };
		9996B9301EBC022200745C64 /* LMDrawView.swift */ = {isa = PBXFileReference; fileEncoding = 4; lastKnownFileType = sourcecode.swift; path = LMDrawView.swift; sourceTree = "<group>"; };
		99E7C1621EB86C1400283AC4 /* CoreGraphics.framework */ = {isa = PBXFileReference; lastKnownFileType = wrapper.framework; name = CoreGraphics.framework; path = System/Library/Frameworks/CoreGraphics.framework; sourceTree = SDKROOT; };
		99E7C1681EB876C500283AC4 /* a.png */ = {isa = PBXFileReference; lastKnownFileType = image.png; name = a.png; path = ../../../../../../../Users/wzkj/Desktop/a.png; sourceTree = "<group>"; };
		F38368826E58447ACBD6AC4F /* Pods-LMVrDemo.debug.xcconfig */ = {isa = PBXFileReference; includeInIndex = 1; lastKnownFileType = text.xcconfig; name = "Pods-LMVrDemo.debug.xcconfig"; path = "Pods/Target Support Files/Pods-LMVrDemo/Pods-LMVrDemo.debug.xcconfig"; sourceTree = "<group>"; };
/* End PBXFileReference section */

/* Begin PBXFrameworksBuildPhase section */
		9972F7D41EB19C76002D46A8 /* Frameworks */ = {
			isa = PBXFrameworksBuildPhase;
			buildActionMask = 2147483647;
			files = (
				99E7C1631EB86C1400283AC4 /* CoreGraphics.framework in Frameworks */,
				5BBA83B0C190266E698A90E8 /* Pods_LMVrDemo.framework in Frameworks */,
			);
			runOnlyForDeploymentPostprocessing = 0;
		};
/* End PBXFrameworksBuildPhase section */

/* Begin PBXGroup section */
		9972F7CE1EB19C76002D46A8 = {
			isa = PBXGroup;
			children = (
				994B1F781EB9B025000399B7 /* AppIcon.xcassets */,
				9972F7D91EB19C76002D46A8 /* LMVrDemo */,
				9972F7D81EB19C76002D46A8 /* Products */,
				C4848A42BA02A2A95F30AAF9 /* Pods */,
				FCCE7DBB2773938C78AC0F53 /* Frameworks */,
			);
			sourceTree = "<group>";
		};
		9972F7D81EB19C76002D46A8 /* Products */ = {
			isa = PBXGroup;
			children = (
				9972F7D71EB19C76002D46A8 /* LMVrDemo.app */,
			);
			name = Products;
			sourceTree = "<group>";
		};
		9972F7D91EB19C76002D46A8 /* LMVrDemo */ = {
			isa = PBXGroup;
			children = (
				99E7C1681EB876C500283AC4 /* a.png */,
				9972F7DA1EB19C76002D46A8 /* AppDelegate.swift */,
				9972F7DC1EB19C76002D46A8 /* ViewController.swift */,
				9972F7DE1EB19C76002D46A8 /* Main.storyboard */,
				9972F7E31EB19C76002D46A8 /* LaunchScreen.storyboard */,
				9972F7E61EB19C76002D46A8 /* Info.plist */,
				9996B9301EBC022200745C64 /* LMDrawView.swift */,
			);
			path = LMVrDemo;
			sourceTree = "<group>";
		};
		C4848A42BA02A2A95F30AAF9 /* Pods */ = {
			isa = PBXGroup;
			children = (
				F38368826E58447ACBD6AC4F /* Pods-LMVrDemo.debug.xcconfig */,
				8A0648F9D8E0BB2194B66149 /* Pods-LMVrDemo.release.xcconfig */,
			);
			name = Pods;
			sourceTree = "<group>";
		};
		FCCE7DBB2773938C78AC0F53 /* Frameworks */ = {
			isa = PBXGroup;
			children = (
				99E7C1621EB86C1400283AC4 /* CoreGraphics.framework */,
				76F34EC7682A637309BD95CC /* Pods_LMVrDemo.framework */,
			);
			name = Frameworks;
			sourceTree = "<group>";
		};
/* End PBXGroup section */

/* Begin PBXNativeTarget section */
		9972F7D61EB19C76002D46A8 /* LMVrDemo */ = {
			isa = PBXNativeTarget;
			buildConfigurationList = 9972F7E91EB19C76002D46A8 /* Build configuration list for PBXNativeTarget "LMVrDemo" */;
			buildPhases = (
				860D96808BF835F8B8E1F295 /* [CP] Check Pods Manifest.lock */,
				9972F7D31EB19C76002D46A8 /* Sources */,
				9972F7D41EB19C76002D46A8 /* Frameworks */,
				9972F7D51EB19C76002D46A8 /* Resources */,
				CD385BE60ACF4406B5F488C2 /* [CP] Embed Pods Frameworks */,
				9E475DFD0172F3696C19EA12 /* [CP] Copy Pods Resources */,
			);
			buildRules = (
			);
			dependencies = (
			);
			name = LMVrDemo;
			productName = LMVrDemo;
			productReference = 9972F7D71EB19C76002D46A8 /* LMVrDemo.app */;
			productType = "com.apple.product-type.application";
		};
/* End PBXNativeTarget section */

/* Begin PBXProject section */
		9972F7CF1EB19C76002D46A8 /* Project object */ = {
			isa = PBXProject;
			attributes = {
				LastSwiftUpdateCheck = 0820;
				LastUpgradeCheck = 0820;
				ORGANIZATIONNAME = dzeep;
				TargetAttributes = {
					9972F7D61EB19C76002D46A8 = {
						CreatedOnToolsVersion = 8.2.1;
						DevelopmentTeam = 4QHCS2PLKR;
						ProvisioningStyle = Automatic;
					};
				};
			};
			buildConfigurationList = 9972F7D21EB19C76002D46A8 /* Build configuration list for PBXProject "LMVrDemo" */;
			compatibilityVersion = "Xcode 3.2";
			developmentRegion = English;
			hasScannedForEncodings = 0;
			knownRegions = (
				en,
				Base,
			);
			mainGroup = 9972F7CE1EB19C76002D46A8;
			productRefGroup = 9972F7D81EB19C76002D46A8 /* Products */;
			projectDirPath = "";
			projectRoot = "";
			targets = (
				9972F7D61EB19C76002D46A8 /* LMVrDemo */,
			);
		};
/* End PBXProject section */

/* Begin PBXResourcesBuildPhase section */
		9972F7D51EB19C76002D46A8 /* Resources */ = {
			isa = PBXResourcesBuildPhase;
			buildActionMask = 2147483647;
			files = (
				9972F7E51EB19C76002D46A8 /* LaunchScreen.storyboard in Resources */,
				99E7C1691EB876C500283AC4 /* a.png in Resources */,
				994B1F791EB9B025000399B7 /* AppIcon.xcassets in Resources */,
				9972F7E01EB19C76002D46A8 /* Main.storyboard in Resources */,
			);
			runOnlyForDeploymentPostprocessing = 0;
		};
/* End PBXResourcesBuildPhase section */

/* Begin PBXShellScriptBuildPhase section */
		860D96808BF835F8B8E1F295 /* [CP] Check Pods Manifest.lock */ = {
			isa = PBXShellScriptBuildPhase;
			buildActionMask = 2147483647;
			files = (
			);
			inputPaths = (
			);
			name = "[CP] Check Pods Manifest.lock";
			outputPaths = (
			);
			runOnlyForDeploymentPostprocessing = 0;
			shellPath = /bin/sh;
			shellScript = "diff \"${PODS_ROOT}/../Podfile.lock\" \"${PODS_ROOT}/Manifest.lock\" > /dev/null\nif [ $? != 0 ] ; then\n    # print error to STDERR\n    echo \"error: The sandbox is not in sync with the Podfile.lock. Run 'pod install' or update your CocoaPods installation.\" >&2\n    exit 1\nfi\n";
			showEnvVarsInLog = 0;
		};
		9E475DFD0172F3696C19EA12 /* [CP] Copy Pods Resources */ = {
			isa = PBXShellScriptBuildPhase;
			buildActionMask = 2147483647;
			files = (
			);
			inputPaths = (
			);
			name = "[CP] Copy Pods Resources";
			outputPaths = (
			);
			runOnlyForDeploymentPostprocessing = 0;
			shellPath = /bin/sh;
			shellScript = "\"${SRCROOT}/Pods/Target Support Files/Pods-LMVrDemo/Pods-LMVrDemo-resources.sh\"\n";
			showEnvVarsInLog = 0;
		};
		CD385BE60ACF4406B5F488C2 /* [CP] Embed Pods Frameworks */ = {
			isa = PBXShellScriptBuildPhase;
			buildActionMask = 2147483647;
			files = (
			);
			inputPaths = (
			);
			name = "[CP] Embed Pods Frameworks";
			outputPaths = (
			);
			runOnlyForDeploymentPostprocessing = 0;
			shellPath = /bin/sh;
			shellScript = "\"${SRCROOT}/Pods/Target Support Files/Pods-LMVrDemo/Pods-LMVrDemo-frameworks.sh\"\n";
			showEnvVarsInLog = 0;
		};
/* End PBXShellScriptBuildPhase section */

/* Begin PBXSourcesBuildPhase section */
		9972F7D31EB19C76002D46A8 /* Sources */ = {
			isa = PBXSourcesBuildPhase;
			buildActionMask = 2147483647;
			files = (
				9972F7DD1EB19C76002D46A8 /* ViewController.swift in Sources */,
				9972F7DB1EB19C76002D46A8 /* AppDelegate.swift in Sources */,
				9996B9311EBC022200745C64 /* LMDrawView.swift in Sources */,
			);
			runOnlyForDeploymentPostprocessing = 0;
		};
/* End PBXSourcesBuildPhase section */

/* Begin PBXVariantGroup section */
		9972F7DE1EB19C76002D46A8 /* Main.storyboard */ = {
			isa = PBXVariantGroup;
			children = (
				9972F7DF1EB19C76002D46A8 /* Base */,
			);
			name = Main.storyboard;
			sourceTree = "<group>";
		};
		9972F7E31EB19C76002D46A8 /* LaunchScreen.storyboard */ = {
			isa = PBXVariantGroup;
			children = (
				9972F7E41EB19C76002D46A8 /* Base */,
			);
			name = LaunchScreen.storyboard;
			sourceTree = "<group>";
		};
/* End PBXVariantGroup section */

/* Begin XCBuildConfiguration section */
		9972F7E71EB19C76002D46A8 /* Debug */ = {
			isa = XCBuildConfiguration;
			buildSettings = {
				ALWAYS_SEARCH_USER_PATHS = NO;
				CLANG_ANALYZER_NONNULL = YES;
				CLANG_CXX_LANGUAGE_STANDARD = "gnu++0x";
				CLANG_CXX_LIBRARY = "libc++";
				CLANG_ENABLE_MODULES = YES;
				CLANG_ENABLE_OBJC_ARC = YES;
				CLANG_WARN_BOOL_CONVERSION = YES;
				CLANG_WARN_CONSTANT_CONVERSION = YES;
				CLANG_WARN_DIRECT_OBJC_ISA_USAGE = YES_ERROR;
				CLANG_WARN_DOCUMENTATION_COMMENTS = YES;
				CLANG_WARN_EMPTY_BODY = YES;
				CLANG_WARN_ENUM_CONVERSION = YES;
				CLANG_WARN_INFINITE_RECURSION = YES;
				CLANG_WARN_INT_CONVERSION = YES;
				CLANG_WARN_OBJC_ROOT_CLASS = YES_ERROR;
				CLANG_WARN_SUSPICIOUS_MOVE = YES;
				CLANG_WARN_UNREACHABLE_CODE = YES;
				CLANG_WARN__DUPLICATE_METHOD_MATCH = YES;
				"CODE_SIGN_IDENTITY[sdk=iphoneos*]" = "iPhone Developer";
				COPY_PHASE_STRIP = NO;
				DEBUG_INFORMATION_FORMAT = dwarf;
				ENABLE_STRICT_OBJC_MSGSEND = YES;
				ENABLE_TESTABILITY = YES;
				GCC_C_LANGUAGE_STANDARD = gnu99;
				GCC_DYNAMIC_NO_PIC = NO;
				GCC_NO_COMMON_BLOCKS = YES;
				GCC_OPTIMIZATION_LEVEL = 0;
				GCC_PREPROCESSOR_DEFINITIONS = (
					"DEBUG=1",
					"$(inherited)",
				);
				GCC_WARN_64_TO_32_BIT_CONVERSION = YES;
				GCC_WARN_ABOUT_RETURN_TYPE = YES_ERROR;
				GCC_WARN_UNDECLARED_SELECTOR = YES;
				GCC_WARN_UNINITIALIZED_AUTOS = YES_AGGRESSIVE;
				GCC_WARN_UNUSED_FUNCTION = YES;
				GCC_WARN_UNUSED_VARIABLE = YES;
				IPHONEOS_DEPLOYMENT_TARGET = 10.2;
				MTL_ENABLE_DEBUG_INFO = YES;
				ONLY_ACTIVE_ARCH = YES;
				SDKROOT = iphoneos;
				SWIFT_ACTIVE_COMPILATION_CONDITIONS = DEBUG;
				SWIFT_OPTIMIZATION_LEVEL = "-Onone";
			};
			name = Debug;
		};
		9972F7E81EB19C76002D46A8 /* Release */ = {
			isa = XCBuildConfiguration;
			buildSettings = {
				ALWAYS_SEARCH_USER_PATHS = NO;
				CLANG_ANALYZER_NONNULL = YES;
				CLANG_CXX_LANGUAGE_STANDARD = "gnu++0x";
				CLANG_CXX_LIBRARY = "libc++";
				CLANG_ENABLE_MODULES = YES;
				CLANG_ENABLE_OBJC_ARC = YES;
				CLANG_WARN_BOOL_CONVERSION = YES;
				CLANG_WARN_CONSTANT_CONVERSION = YES;
				CLANG_WARN_DIRECT_OBJC_ISA_USAGE = YES_ERROR;
				CLANG_WARN_DOCUMENTATION_COMMENTS = YES;
				CLANG_WARN_EMPTY_BODY = YES;
				CLANG_WARN_ENUM_CONVERSION = YES;
				CLANG_WARN_INFINITE_RECURSION = YES;
				CLANG_WARN_INT_CONVERSION = YES;
				CLANG_WARN_OBJC_ROOT_CLASS = YES_ERROR;
				CLANG_WARN_SUSPICIOUS_MOVE = YES;
				CLANG_WARN_UNREACHABLE_CODE = YES;
				CLANG_WARN__DUPLICATE_METHOD_MATCH = YES;
				"CODE_SIGN_IDENTITY[sdk=iphoneos*]" = "iPhone Developer";
				COPY_PHASE_STRIP = NO;
				DEBUG_INFORMATION_FORMAT = "dwarf-with-dsym";
				ENABLE_NS_ASSERTIONS = NO;
				ENABLE_STRICT_OBJC_MSGSEND = YES;
				GCC_C_LANGUAGE_STANDARD = gnu99;
				GCC_NO_COMMON_BLOCKS = YES;
				GCC_WARN_64_TO_32_BIT_CONVERSION = YES;
				GCC_WARN_ABOUT_RETURN_TYPE = YES_ERROR;
				GCC_WARN_UNDECLARED_SELECTOR = YES;
				GCC_WARN_UNINITIALIZED_AUTOS = YES_AGGRESSIVE;
				GCC_WARN_UNUSED_FUNCTION = YES;
				GCC_WARN_UNUSED_VARIABLE = YES;
				IPHONEOS_DEPLOYMENT_TARGET = 10.2;
				MTL_ENABLE_DEBUG_INFO = NO;
				SDKROOT = iphoneos;
				SWIFT_OPTIMIZATION_LEVEL = "-Owholemodule";
				VALIDATE_PRODUCT = YES;
			};
			name = Release;
		};
		9972F7EA1EB19C76002D46A8 /* Debug */ = {
			isa = XCBuildConfiguration;
			baseConfigurationReference = F38368826E58447ACBD6AC4F /* Pods-LMVrDemo.debug.xcconfig */;
			buildSettings = {
				ASSETCATALOG_COMPILER_APPICON_NAME = AppIcon;
				ASSETCATALOG_COMPILER_LAUNCHIMAGE_NAME = LaunchImage;
				DEVELOPMENT_TEAM = 4QHCS2PLKR;
				INFOPLIST_FILE = LMVrDemo/Info.plist;
				LD_RUNPATH_SEARCH_PATHS = "$(inherited) @executable_path/Frameworks";
				PRODUCT_BUNDLE_IDENTIFIER = com.dzeep.LMVrDemo;
				PRODUCT_NAME = "$(TARGET_NAME)";
				SWIFT_VERSION = 3.0;
			};
			name = Debug;
		};
		9972F7EB1EB19C76002D46A8 /* Release */ = {
			isa = XCBuildConfiguration;
			baseConfigurationReference = 8A0648F9D8E0BB2194B66149 /* Pods-LMVrDemo.release.xcconfig */;
			buildSettings = {
				ASSETCATALOG_COMPILER_APPICON_NAME = AppIcon;
				ASSETCATALOG_COMPILER_LAUNCHIMAGE_NAME = LaunchImage;
				DEVELOPMENT_TEAM = 4QHCS2PLKR;
				INFOPLIST_FILE = LMVrDemo/Info.plist;
				LD_RUNPATH_SEARCH_PATHS = "$(inherited) @executable_path/Frameworks";
				PRODUCT_BUNDLE_IDENTIFIER = com.dzeep.LMVrDemo;
				PRODUCT_NAME = "$(TARGET_NAME)";
				SWIFT_VERSION = 3.0;
			};
			name = Release;
		};
/* End XCBuildConfiguration section */

/* Begin XCConfigurationList section */
		9972F7D21EB19C76002D46A8 /* Build configuration list for PBXProject "LMVrDemo" */ = {
			isa = XCConfigurationList;
			buildConfigurations = (
				9972F7E71EB19C76002D46A8 /* Debug */,
				9972F7E81EB19C76002D46A8 /* Release */,
			);
			defaultConfigurationIsVisible = 0;
			defaultConfigurationName = Release;
		};
		9972F7E91EB19C76002D46A8 /* Build configuration list for PBXNativeTarget "LMVrDemo" */ = {
			isa = XCConfigurationList;
			buildConfigurations = (
				9972F7EA1EB19C76002D46A8 /* Debug */,
				9972F7EB1EB19C76002D46A8 /* Release */,
			);
			defaultConfigurationIsVisible = 0;
			defaultConfigurationName = Release;
		};
/* End XCConfigurationList section */
	};
	rootObject = 9972F7CF1EB19C76002D46A8 /* Project object */;
}
